<?xml version="1.0" encoding="utf-8"?>
<Project ToolsVersion="4.0" xmlns="http://schemas.microsoft.com/developer/msbuild/2003">
  <ItemGroup>
    <Filter Include="源文件">
      <UniqueIdentifier>{4FC737F1-C7A5-4376-A066-2A32D752A2FF}</UniqueIdentifier>
      <Extensions>cpp;c;cc;cxx;def;odl;idl;hpj;bat;asm;asmx</Extensions>
    </Filter>
    <Filter Include="头文件">
      <UniqueIdentifier>{93995380-89BD-4b04-88EB-625FBE52EBFB}</UniqueIdentifier>
      <Extensions>h;hh;hpp;hxx;hm;inl;inc;ipp;xsd</Extensions>
    </Filter>
    <Filter Include="资源文件">
      <UniqueIdentifier>{67DA6AB6-F800-4c08-8B7A-83BB121AAD01}</UniqueIdentifier>
      <Extensions>rc;ico;cur;bmp;dlg;rc2;rct;bin;rgs;gif;jpg;jpeg;jpe;resx;tiff;tif;png;wav;mfcribbon-ms</Extensions>
    </Filter>
  </ItemGroup>
  <ItemGroup>
    <ClInclude Include="include\onetoken_interface.h">
      <Filter>头文件</Filter>
    </ClInclude>
    <ClInclude Include="include\onetoken_market_api.h">
      <Filter>头文件</Filter>
    </ClInclude>
    <ClInclude Include="include\onetoken_trade_api.h">
      <Filter>头文件</Filter>
    </ClInclude>
    <ClInclude Include="include\singleton.h">
      <Filter>头文件</Filter>
    </ClInclude>
    <ClInclude Include="include\error_code.h">
      <Filter>头文件</Filter>
    </ClInclude>
    <ClInclude Include="include\structs.h">
      <Filter>头文件</Filter>
    </ClInclude>
    <ClInclude Include="include\ws_quote.h">
      <Filter>头文件</Filter>
    </ClInclude>
    <ClInclude Include="include\rest_quote.h">
      <Filter>头文件</Filter>
    </ClInclude>
    <ClInclude Include="include\quote.h">
      <Filter>头文件</Filter>
    </ClInclude>
    <ClInclude Include="include\utils.h">
      <Filter>头文件</Filter>
    </ClInclude>
    <ClInclude Include="include\ws_quote_tick.h">
      <Filter>头文件</Filter>
    </ClInclude>
    <ClInclude Include="include\ws_quote_candle.h">
      <Filter>头文件</Filter>
    </ClInclude>
    <ClInclude Include="include\common\cpprest\details\basic_types.h">
      <Filter>头文件</Filter>
    </ClInclude>
    <ClInclude Include="include\common\cpprest\details\cpprest_compat.h">
      <Filter>头文件</Filter>
    </ClInclude>
    <ClInclude Include="include\common\cpprest\details\fileio.h">
      <Filter>头文件</Filter>
    </ClInclude>
    <ClInclude Include="include\common\cpprest\details\http_helpers.h">
      <Filter>头文件</Filter>
    </ClInclude>
    <ClInclude Include="include\common\cpprest\details\http_server.h">
      <Filter>头文件</Filter>
    </ClInclude>
    <ClInclude Include="include\common\cpprest\details\http_server_api.h">
      <Filter>头文件</Filter>
    </ClInclude>
    <ClInclude Include="include\common\cpprest\details\nosal.h">
      <Filter>头文件</Filter>
    </ClInclude>
    <ClInclude Include="include\common\cpprest\details\resource.h">
      <Filter>头文件</Filter>
    </ClInclude>
    <ClInclude Include="include\common\cpprest\details\SafeInt3.hpp">
      <Filter>头文件</Filter>
    </ClInclude>
    <ClInclude Include="include\common\cpprest\details\web_utilities.h">
      <Filter>头文件</Filter>
    </ClInclude>
    <ClInclude Include="include\common\cpprest\details\x509_cert_utilities.h">
      <Filter>头文件</Filter>
    </ClInclude>
    <ClInclude Include="include\common\cpprest\astreambuf.h">
      <Filter>头文件</Filter>
    </ClInclude>
    <ClInclude Include="include\common\cpprest\asyncrt_utils.h">
      <Filter>头文件</Filter>
    </ClInclude>
    <ClInclude Include="include\common\cpprest\base_uri.h">
      <Filter>头文件</Filter>
    </ClInclude>
    <ClInclude Include="include\common\cpprest\containerstream.h">
      <Filter>头文件</Filter>
    </ClInclude>
    <ClInclude Include="include\common\cpprest\filestream.h">
      <Filter>头文件</Filter>
    </ClInclude>
    <ClInclude Include="include\common\cpprest\http_client.h">
      <Filter>头文件</Filter>
    </ClInclude>
    <ClInclude Include="include\common\cpprest\http_headers.h">
      <Filter>头文件</Filter>
    </ClInclude>
    <ClInclude Include="include\common\cpprest\http_listener.h">
      <Filter>头文件</Filter>
    </ClInclude>
    <ClInclude Include="include\common\cpprest\http_msg.h">
      <Filter>头文件</Filter>
    </ClInclude>
    <ClInclude Include="include\common\cpprest\interopstream.h">
      <Filter>头文件</Filter>
    </ClInclude>
    <ClInclude Include="include\common\cpprest\json.h">
      <Filter>头文件</Filter>
    </ClInclude>
    <ClInclude Include="include\common\cpprest\oauth1.h">
      <Filter>头文件</Filter>
    </ClInclude>
    <ClInclude Include="include\common\cpprest\oauth2.h">
      <Filter>头文件</Filter>
    </ClInclude>
    <ClInclude Include="include\common\cpprest\producerconsumerstream.h">
      <Filter>头文件</Filter>
    </ClInclude>
    <ClInclude Include="include\common\cpprest\rawptrstream.h">
      <Filter>头文件</Filter>
    </ClInclude>
    <ClInclude Include="include\common\cpprest\streams.h">
      <Filter>头文件</Filter>
    </ClInclude>
    <ClInclude Include="include\common\cpprest\uri.h">
      <Filter>头文件</Filter>
    </ClInclude>
    <ClInclude Include="include\common\cpprest\uri_builder.h">
      <Filter>头文件</Filter>
    </ClInclude>
    <ClInclude Include="include\common\cpprest\version.h">
      <Filter>头文件</Filter>
    </ClInclude>
    <ClInclude Include="include\common\cpprest\ws_client.h">
      <Filter>头文件</Filter>
    </ClInclude>
    <ClInclude Include="include\common\cpprest\ws_msg.h">
      <Filter>头文件</Filter>
    </ClInclude>
    <ClInclude Include="include\common\pplx\pplx.h">
      <Filter>头文件</Filter>
    </ClInclude>
    <ClInclude Include="include\common\pplx\pplxcancellation_token.h">
      <Filter>头文件</Filter>
    </ClInclude>
    <ClInclude Include="include\common\pplx\pplxconv.h">
      <Filter>头文件</Filter>
    </ClInclude>
    <ClInclude Include="include\common\pplx\pplxinterface.h">
      <Filter>头文件</Filter>
    </ClInclude>
    <ClInclude Include="include\common\pplx\pplxlinux.h">
      <Filter>头文件</Filter>
    </ClInclude>
    <ClInclude Include="include\common\pplx\pplxtasks.h">
      <Filter>头文件</Filter>
    </ClInclude>
    <ClInclude Include="include\common\pplx\pplxwin.h">
      <Filter>头文件</Filter>
    </ClInclude>
    <ClInclude Include="include\common\pplx\threadpool.h">
      <Filter>头文件</Filter>
    </ClInclude>
    <ClInclude Include="include\rest_trade.h">
      <Filter>头文件</Filter>
    </ClInclude>
    <ClInclude Include="include\thread_pool.h">
      <Filter>头文件</Filter>
    </ClInclude>
  </ItemGroup>
  <ItemGroup>
    <ClCompile Include="src\compatible.cpp">
      <Filter>源文件</Filter>
    </ClCompile>
    <ClCompile Include="src\onetoken_market_api.cpp">
      <Filter>源文件</Filter>
    </ClCompile>
    <ClCompile Include="src\quote.cpp">
      <Filter>源文件</Filter>
    </ClCompile>
    <ClCompile Include="src\rest_quote.cpp">
      <Filter>源文件</Filter>
    </ClCompile>
    <ClCompile Include="src\ws_quote.cpp">
      <Filter>源文件</Filter>
    </ClCompile>
    <ClCompile Include="src\utils.cpp">
      <Filter>源文件</Filter>
    </ClCompile>
    <ClCompile Include="src\onetoken_trade_api.cpp">
      <Filter>源文件</Filter>
    </ClCompile>
    <ClCompile Include="src\ws_quote_tick.cpp">
      <Filter>源文件</Filter>
    </ClCompile>
    <ClCompile Include="src\ws_quote_candle.cpp">
      <Filter>源文件</Filter>
    </ClCompile>
    <ClCompile Include="src\rest_trade.cpp">
      <Filter>源文件</Filter>
    </ClCompile>
    <ClCompile Include="src\thread_pool.cpp">
      <Filter>源文件</Filter>
    </ClCompile>
  </ItemGroup>
  <ItemGroup>
    <Library Include="lib\libeay32MT.lib" />
    <Library Include="lib\ssleay32MT.lib" />
    <Library Include="lib\zlib.lib" />
    <Library Include="lib\cpprest140_2_10.lib" />
  </ItemGroup>
  <ItemGroup>
    <Text Include="CMakeLists.txt" />
  </ItemGroup>
  <ItemGroup>
    <None Include="build\build.cmake" />
    <None Include="build\common.cmake" />
  </ItemGroup>
</Project>