<?xml version="1.0" encoding="utf-8"?>
<Project ToolsVersion="4.0" xmlns="http://schemas.microsoft.com/developer/msbuild/2003">
  <ItemGroup>
    <Filter Include="源文件">
      <UniqueIdentifier>{4FC737F1-C7A5-4376-A066-2A32D752A2FF}</UniqueIdentifier>
      <Extensions>cpp;c;cc;cxx;def;odl;idl;hpj;bat;asm;asmx</Extensions>
    </Filter>
    <Filter Include="头文件">
      <UniqueIdentifier>{93995380-89BD-4b04-88EB-625FBE52EBFB}</UniqueIdentifier>
      <Extensions>h;hh;hpp;hxx;hm;inl;inc;ipp;xsd</Extensions>
    </Filter>
    <Filter Include="资源文件">
      <UniqueIdentifier>{67DA6AB6-F800-4c08-8B7A-83BB121AAD01}</UniqueIdentifier>
      <Extensions>rc;ico;cur;bmp;dlg;rc2;rct;bin;rgs;gif;jpg;jpeg;jpe;resx;tiff;tif;png;wav;mfcribbon-ms</Extensions>
    </Filter>
  </ItemGroup>
  <ItemGroup>
    <ClInclude Include="include\onetoken_interface.h">
      <Filter>头文件</Filter>
    </ClInclude>
    <ClInclude Include="include\onetoken_market_api.h">
      <Filter>头文件</Filter>
    </ClInclude>
    <ClInclude Include="include\onetoken_trade_api.h">
      <Filter>头文件</Filter>
    </ClInclude>
    <ClInclude Include="include\singleton.h">
      <Filter>头文件</Filter>
    </ClInclude>
    <ClInclude Include="include\error_code.h">
      <Filter>头文件</Filter>
    </ClInclude>
    <ClInclude Include="include\structs.h">
      <Filter>头文件</Filter>
    </ClInclude>
    <ClInclude Include="include\ws_quote.h">
      <Filter>头文件</Filter>
    </ClInclude>
    <ClInclude Include="include\http_client.h">
      <Filter>头文件</Filter>
    </ClInclude>
    <ClInclude Include="include\rest_quote.h">
      <Filter>头文件</Filter>
    </ClInclude>
    <ClInclude Include="include\quote.h">
      <Filter>头文件</Filter>
    </ClInclude>
    <ClInclude Include="include\utils.h">
      <Filter>头文件</Filter>
    </ClInclude>
    <ClInclude Include="include\ws_quote_tick.h">
      <Filter>头文件</Filter>
    </ClInclude>
    <ClInclude Include="include\ws_quote_candle.h">
      <Filter>头文件</Filter>
    </ClInclude>
  </ItemGroup>
  <ItemGroup>
    <ClCompile Include="common\src\mongoose.c">
      <Filter>源文件</Filter>
    </ClCompile>
    <ClCompile Include="src\compatible.cpp">
      <Filter>源文件</Filter>
    </ClCompile>
    <ClCompile Include="src\http_client.cpp">
      <Filter>源文件</Filter>
    </ClCompile>
    <ClCompile Include="src\onetoken_market_api.cpp">
      <Filter>源文件</Filter>
    </ClCompile>
    <ClCompile Include="src\quote.cpp">
      <Filter>源文件</Filter>
    </ClCompile>
    <ClCompile Include="src\rest_quote.cpp">
      <Filter>源文件</Filter>
    </ClCompile>
    <ClCompile Include="src\ws_quote.cpp">
      <Filter>源文件</Filter>
    </ClCompile>
    <ClCompile Include="src\utils.cpp">
      <Filter>源文件</Filter>
    </ClCompile>
    <ClCompile Include="src\onetoken_trade_api.cpp">
      <Filter>源文件</Filter>
    </ClCompile>
    <ClCompile Include="src\ws_quote_tick.cpp">
      <Filter>源文件</Filter>
    </ClCompile>
    <ClCompile Include="src\ws_quote_candle.cpp">
      <Filter>源文件</Filter>
    </ClCompile>
  </ItemGroup>
  <ItemGroup>
    <Library Include="lib\libeay32MT.lib" />
    <Library Include="lib\ssleay32MT.lib" />
    <Library Include="lib\zlib.lib" />
  </ItemGroup>
</Project>